
Microsoft Visual Studio Solution File, Format Version 12.00
# Visual Studio Version 17
VisualStudioVersion = 17.5.33414.496
MinimumVisualStudioVersion = 10.0.40219.1
Project("{FAE04EC0-301F-11D3-BF4B-00C04F79EFBC}") = "com.zaphop.nvidiabroadcast", "com.zaphop.nvidiabroadcast.csproj", "{4635D874-69C0-4010-BE46-77EF92EB1553}"
EndProject
Global
	GlobalSection(SolutionConfigurationPlatforms) = preSolution
		Debug|x64 = Debug|x64
		Release|x64 = Release|x64
	EndGlobalSection
	GlobalSection(ProjectConfigurationPlatforms) = postSolution
		{4635D874-69C0-4010-BE46-77EF92EB1553}.Debug|x64.ActiveCfg = Debug|x64
		{4635D874-69C0-4010-BE46-77EF92EB1553}.Debug|x64.Build.0 = Debug|x64
		{4635D874-69C0-4010-BE46-77EF92EB1553}.Release|x64.ActiveCfg = Release|x64
		{4635D874-69C0-4010-BE46-77EF92EB1553}.Release|x64.Build.0 = Release|x64
	EndGlobalSection
	GlobalSection(SolutionProperties) = preSolution
		HideSolutionNode = FALSE
	EndGlobalSection
	GlobalSection(ExtensibilityGlobals) = postSolution
		SolutionGuid = {30B7D5EC-F0A4-4A26-B8AE-C5A1E10DC07A}
	EndGlobalSection
EndGlobal
